
Microsoft Visual Studio Solution File, Format Version 12.00
# Visual Studio Version 16
VisualStudioVersion = 16.0.28917.181
MinimumVisualStudioVersion = 10.0.40219.1
Project("{9A19103F-16F7-4668-BE54-9A1E7A4F7556}") = "MagaWishlist", "MagaWishlist\MagaWishlist.csproj", "{6EBE1E7E-F8F9-4D76-99FE-1CDDB3ADF81E}"
EndProject
Project("{9A19103F-16F7-4668-BE54-9A1E7A4F7556}") = "MagaWishlist.Core", "MagaWishlist.Core\MagaWishlist.Core.csproj", "{5CBF7FEB-2728-4CF5-8FF5-D862C18A9C63}"
EndProject
Project("{9A19103F-16F7-4668-BE54-9A1E7A4F7556}") = "MagaWishlist.Data", "MagaWishlist.Data\MagaWishlist.Data.csproj", "{98B65C1E-766F-485D-8C63-FF126DE5529B}"
EndProject
Project("{9A19103F-16F7-4668-BE54-9A1E7A4F7556}") = "MagaWishlist.UnitTests", "MagaWishlist.UnitTests\MagaWishlist.UnitTests.csproj", "{FCE8EED4-4020-4313-A698-FD69FF678302}"
EndProject
Project("{9A19103F-16F7-4668-BE54-9A1E7A4F7556}") = "MagaWishlist.Rest", "MagaWishlist.Rest\MagaWishlist.Rest.csproj", "{24B5D012-7B17-488D-A826-0A841F3926F8}"
EndProject
Project("{2150E333-8FDC-42A3-9474-1A3956D46DE8}") = "Solution Items", "Solution Items", "{6E85964E-1BCC-42E2-B0E2-C32AE0520131}"
	ProjectSection(SolutionItems) = preProject
		.editorconfig = .editorconfig
	EndProjectSection
EndProject
Global
	GlobalSection(SolutionConfigurationPlatforms) = preSolution
		Debug|Any CPU = Debug|Any CPU
		Release|Any CPU = Release|Any CPU
	EndGlobalSection
	GlobalSection(ProjectConfigurationPlatforms) = postSolution
		{6EBE1E7E-F8F9-4D76-99FE-1CDDB3ADF81E}.Debug|Any CPU.ActiveCfg = Debug|Any CPU
		{6EBE1E7E-F8F9-4D76-99FE-1CDDB3ADF81E}.Debug|Any CPU.Build.0 = Debug|Any CPU
		{6EBE1E7E-F8F9-4D76-99FE-1CDDB3ADF81E}.Release|Any CPU.ActiveCfg = Release|Any CPU
		{6EBE1E7E-F8F9-4D76-99FE-1CDDB3ADF81E}.Release|Any CPU.Build.0 = Release|Any CPU
		{5CBF7FEB-2728-4CF5-8FF5-D862C18A9C63}.Debug|Any CPU.ActiveCfg = Debug|Any CPU
		{5CBF7FEB-2728-4CF5-8FF5-D862C18A9C63}.Debug|Any CPU.Build.0 = Debug|Any CPU
		{5CBF7FEB-2728-4CF5-8FF5-D862C18A9C63}.Release|Any CPU.ActiveCfg = Release|Any CPU
		{5CBF7FEB-2728-4CF5-8FF5-D862C18A9C63}.Release|Any CPU.Build.0 = Release|Any CPU
		{98B65C1E-766F-485D-8C63-FF126DE5529B}.Debug|Any CPU.ActiveCfg = Debug|Any CPU
		{98B65C1E-766F-485D-8C63-FF126DE5529B}.Debug|Any CPU.Build.0 = Debug|Any CPU
		{98B65C1E-766F-485D-8C63-FF126DE5529B}.Release|Any CPU.ActiveCfg = Release|Any CPU
		{98B65C1E-766F-485D-8C63-FF126DE5529B}.Release|Any CPU.Build.0 = Release|Any CPU
		{FCE8EED4-4020-4313-A698-FD69FF678302}.Debug|Any CPU.ActiveCfg = Debug|Any CPU
		{FCE8EED4-4020-4313-A698-FD69FF678302}.Debug|Any CPU.Build.0 = Debug|Any CPU
		{FCE8EED4-4020-4313-A698-FD69FF678302}.Release|Any CPU.ActiveCfg = Release|Any CPU
		{FCE8EED4-4020-4313-A698-FD69FF678302}.Release|Any CPU.Build.0 = Release|Any CPU
		{24B5D012-7B17-488D-A826-0A841F3926F8}.Debug|Any CPU.ActiveCfg = Debug|Any CPU
		{24B5D012-7B17-488D-A826-0A841F3926F8}.Debug|Any CPU.Build.0 = Debug|Any CPU
		{24B5D012-7B17-488D-A826-0A841F3926F8}.Release|Any CPU.ActiveCfg = Release|Any CPU
		{24B5D012-7B17-488D-A826-0A841F3926F8}.Release|Any CPU.Build.0 = Release|Any CPU
	EndGlobalSection
	GlobalSection(SolutionProperties) = preSolution
		HideSolutionNode = FALSE
	EndGlobalSection
	GlobalSection(ExtensibilityGlobals) = postSolution
		SolutionGuid = {09E268EC-AF93-462D-94E1-02A26890E43D}
	EndGlobalSection
EndGlobal
